
Microsoft Visual Studio Solution File, Format Version 12.00
# Visual Studio 15
Project("{FAE04EC0-301F-11D3-BF4B-00C04F79EFBC}") = "Assembly-CSharp", "Assembly-CSharp.csproj", "{E943260A-D154-8D75-DC02-F79120460DEA}"
EndProject
Global
	GlobalSection(SolutionConfigurationPlatforms) = preSolution
		Debug|Any CPU = Debug|Any CPU
		Release|Any CPU = Release|Any CPU
	EndGlobalSection
	GlobalSection(ProjectConfigurationPlatforms) = postSolution
		{E943260A-D154-8D75-DC02-F79120460DEA}.Debug|Any CPU.ActiveCfg = Debug|Any CPU
		{E943260A-D154-8D75-DC02-F79120460DEA}.Debug|Any CPU.Build.0 = Debug|Any CPU
		{E943260A-D154-8D75-DC02-F79120460DEA}.Release|Any CPU.ActiveCfg = Release|Any CPU
		{E943260A-D154-8D75-DC02-F79120460DEA}.Release|Any CPU.Build.0 = Release|Any CPU
	EndGlobalSection
	GlobalSection(SolutionProperties) = preSolution
		HideSolutionNode = FALSE
	EndGlobalSection
EndGlobal
